{
  "version": 4,
  "terraform_version": "1.8.2",
  "serial": 6,
  "lineage": "85e68e8c-9671-86f8-864d-d35b33d648c9",
  "outputs": {},
  "resources": [
    {
      "mode": "managed",
      "type": "local_file",
      "name": "hello",
      "provider": "provider[\"registry.terraform.io/hashicorp/local\"]",
      "instances": [
        {
          "schema_version": 0,
          "attributes": {
            "content": "def tekst(wyswietl)\n  print(wyswietl)\n\ntekst(\"witaj 123\")\n",
            "content_base64": null,
            "content_base64sha256": "FxrGX9qFqjl7ws/dT55D7kZtiCIULuP/lBOxO5DBqvM=",
            "content_base64sha512": "YTIc0GznxUTIr5TYfjWdzMlCrfppsRXUPzSndVMCVQe5wCIfcGi2GnSGKf7IArxb1M9e5O4wYSZ7mTrQbgv7Jw==",
            "content_md5": "d2f69b4eb80082ae4e19ab9ca335befa",
            "content_sha1": "1a2fa9a248f96a77fdc9b1d5857ad8d89518a931",
            "content_sha256": "171ac65fda85aa397bc2cfdd4f9e43ee466d8822142ee3ff9413b13b90c1aaf3",
            "content_sha512": "61321cd06ce7c544c8af94d87e359dccc942adfa69b115d43f34a77553025507b9c0221f7068b61a748629fec802bc5bd4cf5ee4ee3061267b993ad06e0bfb27",
            "directory_permission": "0777",
            "file_permission": "0777",
            "filename": "hello.py",
            "id": "1a2fa9a248f96a77fdc9b1d5857ad8d89518a931",
            "sensitive_content": null,
            "source": null
          },
          "sensitive_attributes": [
            [
              {
                "type": "get_attr",
                "value": "sensitive_content"
              }
            ]
          ]
        }
      ]
    }
  ],
  "check_results": null
}
