{
  "version": 4,
  "terraform_version": "1.8.2",
  "serial": 8,
  "lineage": "85e68e8c-9671-86f8-864d-d35b33d648c9",
  "outputs": {},
  "resources": [
    {
      "mode": "managed",
      "type": "local_file",
      "name": "hello",
      "provider": "provider[\"registry.terraform.io/hashicorp/local\"]",
      "instances": [
        {
          "schema_version": 0,
          "attributes": {
            "content": "print('hello world!')",
            "content_base64": null,
            "content_base64sha256": "ZjWYjqzRGIMRVZzKC+Ihd/loApvu/v0rKIYyiv0JTCQ=",
            "content_base64sha512": "htAba5NUGEwmDmWBb6H62dpTo9F+H3VwWGUlObXgVPHd12wb7MqllPNqDMK2tA4opQQcHNmIiOT2PzbERaPACg==",
            "content_md5": "c22e74e99f23de52e45cf2503692a058",
            "content_sha1": "b83a81fc5a2e75cfdbeed3e951956f1cf95ced0d",
            "content_sha256": "6635988eacd1188311559cca0be22177f968029beefefd2b2886328afd094c24",
            "content_sha512": "86d01b6b9354184c260e65816fa1fad9da53a3d17e1f757058652539b5e054f1ddd76c1beccaa594f36a0cc2b6b40e28a5041c1cd98888e4f63f36c445a3c00a",
            "directory_permission": "0777",
            "file_permission": "0777",
            "filename": "./hello.py",
            "id": "b83a81fc5a2e75cfdbeed3e951956f1cf95ced0d",
            "sensitive_content": null,
            "source": null
          },
          "sensitive_attributes": [
            [
              {
                "type": "get_attr",
                "value": "sensitive_content"
              }
            ]
          ]
        }
      ]
    }
  ],
  "check_results": null
}
